
Microsoft Visual Studio Solution File, Format Version 12.00
# Visual Studio Version 17
VisualStudioVersion = 17.4.33213.308
MinimumVisualStudioVersion = 10.0.40219.1
Project("{FAE04EC0-301F-11D3-BF4B-00C04F79EFBC}") = "Lab10_Misyuro.Kirill_FirstASP.NET", "Lab10_Misyuro.Kirill_FirstASP.NET.csproj", "{48B50E66-4566-4288-AAB6-8ED6E88AAD67}"
EndProject
Global
	GlobalSection(SolutionConfigurationPlatforms) = preSolution
		Debug|Any CPU = Debug|Any CPU
		Release|Any CPU = Release|Any CPU
	EndGlobalSection
	GlobalSection(ProjectConfigurationPlatforms) = postSolution
		{48B50E66-4566-4288-AAB6-8ED6E88AAD67}.Debug|Any CPU.ActiveCfg = Debug|Any CPU
		{48B50E66-4566-4288-AAB6-8ED6E88AAD67}.Debug|Any CPU.Build.0 = Debug|Any CPU
		{48B50E66-4566-4288-AAB6-8ED6E88AAD67}.Release|Any CPU.ActiveCfg = Release|Any CPU
		{48B50E66-4566-4288-AAB6-8ED6E88AAD67}.Release|Any CPU.Build.0 = Release|Any CPU
	EndGlobalSection
	GlobalSection(SolutionProperties) = preSolution
		HideSolutionNode = FALSE
	EndGlobalSection
	GlobalSection(ExtensibilityGlobals) = postSolution
		SolutionGuid = {2F6C6446-D92A-4E6D-8C79-16D208F6847D}
	EndGlobalSection
EndGlobal
